
Microsoft Visual Studio Solution File, Format Version 11.00
# Visual Studio 2010
Project("{FAE04EC0-301F-11D3-BF4B-00C04F79EFBC}") = "WpfAppDebug", "WpfAppDebug\WpfAppDebug.csproj", "{FC45CA79-FDDC-4DCE-BD0C-46CD1DB71467}"
EndProject
Project("{FAE04EC0-301F-11D3-BF4B-00C04F79EFBC}") = "KTerminalLib", "KTerminal\KTerminalLib.csproj", "{75826801-38CB-4AA6-9307-16CDEDB1DD5E}"
EndProject
Global
	GlobalSection(SolutionConfigurationPlatforms) = preSolution
		Debug|Any CPU = Debug|Any CPU
		Debug|Mixed Platforms = Debug|Mixed Platforms
		Debug|x86 = Debug|x86
		Release|Any CPU = Release|Any CPU
		Release|Mixed Platforms = Release|Mixed Platforms
		Release|x86 = Release|x86
	EndGlobalSection
	GlobalSection(ProjectConfigurationPlatforms) = postSolution
		{FC45CA79-FDDC-4DCE-BD0C-46CD1DB71467}.Debug|Any CPU.ActiveCfg = Debug|x86
		{FC45CA79-FDDC-4DCE-BD0C-46CD1DB71467}.Debug|Mixed Platforms.ActiveCfg = Debug|x86
		{FC45CA79-FDDC-4DCE-BD0C-46CD1DB71467}.Debug|Mixed Platforms.Build.0 = Debug|x86
		{FC45CA79-FDDC-4DCE-BD0C-46CD1DB71467}.Debug|x86.ActiveCfg = Debug|x86
		{FC45CA79-FDDC-4DCE-BD0C-46CD1DB71467}.Debug|x86.Build.0 = Debug|x86
		{FC45CA79-FDDC-4DCE-BD0C-46CD1DB71467}.Release|Any CPU.ActiveCfg = Release|x86
		{FC45CA79-FDDC-4DCE-BD0C-46CD1DB71467}.Release|Mixed Platforms.ActiveCfg = Release|x86
		{FC45CA79-FDDC-4DCE-BD0C-46CD1DB71467}.Release|Mixed Platforms.Build.0 = Release|x86
		{FC45CA79-FDDC-4DCE-BD0C-46CD1DB71467}.Release|x86.ActiveCfg = Release|x86
		{FC45CA79-FDDC-4DCE-BD0C-46CD1DB71467}.Release|x86.Build.0 = Release|x86
		{75826801-38CB-4AA6-9307-16CDEDB1DD5E}.Debug|Any CPU.ActiveCfg = Debug|Any CPU
		{75826801-38CB-4AA6-9307-16CDEDB1DD5E}.Debug|Any CPU.Build.0 = Debug|Any CPU
		{75826801-38CB-4AA6-9307-16CDEDB1DD5E}.Debug|Mixed Platforms.ActiveCfg = Debug|Any CPU
		{75826801-38CB-4AA6-9307-16CDEDB1DD5E}.Debug|Mixed Platforms.Build.0 = Debug|Any CPU
		{75826801-38CB-4AA6-9307-16CDEDB1DD5E}.Debug|x86.ActiveCfg = Debug|Any CPU
		{75826801-38CB-4AA6-9307-16CDEDB1DD5E}.Release|Any CPU.ActiveCfg = Release|Any CPU
		{75826801-38CB-4AA6-9307-16CDEDB1DD5E}.Release|Any CPU.Build.0 = Release|Any CPU
		{75826801-38CB-4AA6-9307-16CDEDB1DD5E}.Release|Mixed Platforms.ActiveCfg = Release|Any CPU
		{75826801-38CB-4AA6-9307-16CDEDB1DD5E}.Release|Mixed Platforms.Build.0 = Release|Any CPU
		{75826801-38CB-4AA6-9307-16CDEDB1DD5E}.Release|x86.ActiveCfg = Release|Any CPU
	EndGlobalSection
	GlobalSection(SolutionProperties) = preSolution
		HideSolutionNode = FALSE
	EndGlobalSection
EndGlobal
